
Microsoft Visual Studio Solution File, Format Version 12.00
# Visual Studio 15
VisualStudioVersion = 15.0.25807.0
MinimumVisualStudioVersion = 10.0.40219.1
Project("{2150E333-8FDC-42A3-9474-1A3956D46DE8}") = "Engine", "Engine", "{AA56BEC4-271F-4750-B42C-485927F52476}"
EndProject
Project("{2150E333-8FDC-42A3-9474-1A3956D46DE8}") = "Games", "Games", "{E2F813E6-B6B3-42EB-BD7D-86549912431C}"
EndProject
Project("{8BC9CEB8-8B4A-11D0-8D11-00A0C91BC942}") = "UE4", "Intermediate\ProjectFiles\UE4.vcxproj", "{C0D99B99-7588-4444-8651-FFEB8B89ABDE}"
EndProject
Project("{8BC9CEB8-8B4A-11D0-8D11-00A0C91BC942}") = "BuildingEscape", "Intermediate\ProjectFiles\BuildingEscape.vcxproj", "{F2D1291F-5196-4631-971B-257BB465C391}"
EndProject
Project("{2150E333-8FDC-42A3-9474-1A3956D46DE8}") = "Visualizers", "Visualizers", "{4C512EFE-7E7F-494F-B6DF-D35E68EC10A1}"
	ProjectSection(SolutionItems) = preProject
		..\..\..\..\Gry\UE_4.21\Engine\Extras\VisualStudioDebugging\UE4.natvis = ..\..\..\..\Gry\UE_4.21\Engine\Extras\VisualStudioDebugging\UE4.natvis
	EndProjectSection
EndProject
Global
	GlobalSection(SolutionConfigurationPlatforms) = preSolution
		DebugGame Editor|HTML5 = DebugGame Editor|HTML5
		DebugGame Editor|Win32 = DebugGame Editor|Win32
		DebugGame Editor|Win64 = DebugGame Editor|Win64
		DebugGame|HTML5 = DebugGame|HTML5
		DebugGame|Win32 = DebugGame|Win32
		DebugGame|Win64 = DebugGame|Win64
		Development Editor|HTML5 = Development Editor|HTML5
		Development Editor|Win32 = Development Editor|Win32
		Development Editor|Win64 = Development Editor|Win64
		Development|HTML5 = Development|HTML5
		Development|Win32 = Development|Win32
		Development|Win64 = Development|Win64
		Shipping|HTML5 = Shipping|HTML5
		Shipping|Win32 = Shipping|Win32
		Shipping|Win64 = Shipping|Win64
	EndGlobalSection
	GlobalSection(ProjectConfigurationPlatforms) = postSolution
		{C0D99B99-7588-4444-8651-FFEB8B89ABDE}.DebugGame Editor|HTML5.ActiveCfg = BuiltWithUnrealBuildTool|Win32
		{C0D99B99-7588-4444-8651-FFEB8B89ABDE}.DebugGame Editor|Win32.ActiveCfg = BuiltWithUnrealBuildTool|Win32
		{C0D99B99-7588-4444-8651-FFEB8B89ABDE}.DebugGame Editor|Win64.ActiveCfg = BuiltWithUnrealBuildTool|Win32
		{C0D99B99-7588-4444-8651-FFEB8B89ABDE}.DebugGame|HTML5.ActiveCfg = BuiltWithUnrealBuildTool|Win32
		{C0D99B99-7588-4444-8651-FFEB8B89ABDE}.DebugGame|Win32.ActiveCfg = BuiltWithUnrealBuildTool|Win32
		{C0D99B99-7588-4444-8651-FFEB8B89ABDE}.DebugGame|Win64.ActiveCfg = BuiltWithUnrealBuildTool|Win32
		{C0D99B99-7588-4444-8651-FFEB8B89ABDE}.Development Editor|HTML5.ActiveCfg = BuiltWithUnrealBuildTool|Win32
		{C0D99B99-7588-4444-8651-FFEB8B89ABDE}.Development Editor|Win32.ActiveCfg = BuiltWithUnrealBuildTool|Win32
		{C0D99B99-7588-4444-8651-FFEB8B89ABDE}.Development Editor|Win64.ActiveCfg = BuiltWithUnrealBuildTool|Win32
		{C0D99B99-7588-4444-8651-FFEB8B89ABDE}.Development|HTML5.ActiveCfg = BuiltWithUnrealBuildTool|Win32
		{C0D99B99-7588-4444-8651-FFEB8B89ABDE}.Development|Win32.ActiveCfg = BuiltWithUnrealBuildTool|Win32
		{C0D99B99-7588-4444-8651-FFEB8B89ABDE}.Development|Win64.ActiveCfg = BuiltWithUnrealBuildTool|Win32
		{C0D99B99-7588-4444-8651-FFEB8B89ABDE}.Shipping|HTML5.ActiveCfg = BuiltWithUnrealBuildTool|Win32
		{C0D99B99-7588-4444-8651-FFEB8B89ABDE}.Shipping|Win32.ActiveCfg = BuiltWithUnrealBuildTool|Win32
		{C0D99B99-7588-4444-8651-FFEB8B89ABDE}.Shipping|Win64.ActiveCfg = BuiltWithUnrealBuildTool|Win32
		{F2D1291F-5196-4631-971B-257BB465C391}.DebugGame Editor|HTML5.ActiveCfg = Invalid|Win32
		{F2D1291F-5196-4631-971B-257BB465C391}.DebugGame Editor|Win32.ActiveCfg = Invalid|Win32
		{F2D1291F-5196-4631-971B-257BB465C391}.DebugGame Editor|Win64.ActiveCfg = DebugGame_Editor|x64
		{F2D1291F-5196-4631-971B-257BB465C391}.DebugGame Editor|Win64.Build.0 = DebugGame_Editor|x64
		{F2D1291F-5196-4631-971B-257BB465C391}.DebugGame|HTML5.ActiveCfg = HTML5_DebugGame|Win32
		{F2D1291F-5196-4631-971B-257BB465C391}.DebugGame|HTML5.Build.0 = HTML5_DebugGame|Win32
		{F2D1291F-5196-4631-971B-257BB465C391}.DebugGame|Win32.ActiveCfg = DebugGame|Win32
		{F2D1291F-5196-4631-971B-257BB465C391}.DebugGame|Win32.Build.0 = DebugGame|Win32
		{F2D1291F-5196-4631-971B-257BB465C391}.DebugGame|Win64.ActiveCfg = DebugGame|x64
		{F2D1291F-5196-4631-971B-257BB465C391}.DebugGame|Win64.Build.0 = DebugGame|x64
		{F2D1291F-5196-4631-971B-257BB465C391}.Development Editor|HTML5.ActiveCfg = Invalid|Win32
		{F2D1291F-5196-4631-971B-257BB465C391}.Development Editor|Win32.ActiveCfg = Invalid|Win32
		{F2D1291F-5196-4631-971B-257BB465C391}.Development Editor|Win64.ActiveCfg = Development_Editor|x64
		{F2D1291F-5196-4631-971B-257BB465C391}.Development Editor|Win64.Build.0 = Development_Editor|x64
		{F2D1291F-5196-4631-971B-257BB465C391}.Development|HTML5.ActiveCfg = HTML5_Development|Win32
		{F2D1291F-5196-4631-971B-257BB465C391}.Development|HTML5.Build.0 = HTML5_Development|Win32
		{F2D1291F-5196-4631-971B-257BB465C391}.Development|Win32.ActiveCfg = Development|Win32
		{F2D1291F-5196-4631-971B-257BB465C391}.Development|Win32.Build.0 = Development|Win32
		{F2D1291F-5196-4631-971B-257BB465C391}.Development|Win64.ActiveCfg = Development|x64
		{F2D1291F-5196-4631-971B-257BB465C391}.Development|Win64.Build.0 = Development|x64
		{F2D1291F-5196-4631-971B-257BB465C391}.Shipping|HTML5.ActiveCfg = HTML5_Shipping|Win32
		{F2D1291F-5196-4631-971B-257BB465C391}.Shipping|HTML5.Build.0 = HTML5_Shipping|Win32
		{F2D1291F-5196-4631-971B-257BB465C391}.Shipping|Win32.ActiveCfg = Shipping|Win32
		{F2D1291F-5196-4631-971B-257BB465C391}.Shipping|Win32.Build.0 = Shipping|Win32
		{F2D1291F-5196-4631-971B-257BB465C391}.Shipping|Win64.ActiveCfg = Shipping|x64
		{F2D1291F-5196-4631-971B-257BB465C391}.Shipping|Win64.Build.0 = Shipping|x64
	EndGlobalSection
	GlobalSection(SolutionProperties) = preSolution
		HideSolutionNode = FALSE
	EndGlobalSection
	GlobalSection(NestedProjects) = preSolution
		{C0D99B99-7588-4444-8651-FFEB8B89ABDE} = {AA56BEC4-271F-4750-B42C-485927F52476}
		{F2D1291F-5196-4631-971B-257BB465C391} = {E2F813E6-B6B3-42EB-BD7D-86549912431C}
	EndGlobalSection
EndGlobal
